
Microsoft Visual Studio Solution File, Format Version 12.00
# Visual Studio Version 17
VisualStudioVersion = 17.5.002.0
MinimumVisualStudioVersion = 10.0.40219.1
Project("{9A19103F-16F7-4668-BE54-9A1E7A4F7556}") = "RazorMixMatchThree", "RazorMixMatchThree.csproj", "{AA514391-0FC0-48BB-99D9-198FEBBC6761}"
EndProject
Global
	GlobalSection(SolutionConfigurationPlatforms) = preSolution
		Debug|Any CPU = Debug|Any CPU
		Release|Any CPU = Release|Any CPU
	EndGlobalSection
	GlobalSection(ProjectConfigurationPlatforms) = postSolution
		{AA514391-0FC0-48BB-99D9-198FEBBC6761}.Debug|Any CPU.ActiveCfg = Debug|Any CPU
		{AA514391-0FC0-48BB-99D9-198FEBBC6761}.Debug|Any CPU.Build.0 = Debug|Any CPU
		{AA514391-0FC0-48BB-99D9-198FEBBC6761}.Release|Any CPU.ActiveCfg = Release|Any CPU
		{AA514391-0FC0-48BB-99D9-198FEBBC6761}.Release|Any CPU.Build.0 = Release|Any CPU
	EndGlobalSection
	GlobalSection(SolutionProperties) = preSolution
		HideSolutionNode = FALSE
	EndGlobalSection
	GlobalSection(ExtensibilityGlobals) = postSolution
		SolutionGuid = {7892608F-08CC-4E61-9B7A-8BCA118B7920}
	EndGlobalSection
EndGlobal
