
Microsoft Visual Studio Solution File, Format Version 12.00
# Visual Studio Version 17
VisualStudioVersion = 17.5.002.0
MinimumVisualStudioVersion = 10.0.40219.1
Project("{9A19103F-16F7-4668-BE54-9A1E7A4F7556}") = "orleans-4", "orleans-4.csproj", "{48C9BCFF-3D19-4BA0-ABB0-F32564BA03C9}"
EndProject
Global
	GlobalSection(SolutionConfigurationPlatforms) = preSolution
		Debug|Any CPU = Debug|Any CPU
		Release|Any CPU = Release|Any CPU
	EndGlobalSection
	GlobalSection(ProjectConfigurationPlatforms) = postSolution
		{48C9BCFF-3D19-4BA0-ABB0-F32564BA03C9}.Debug|Any CPU.ActiveCfg = Debug|Any CPU
		{48C9BCFF-3D19-4BA0-ABB0-F32564BA03C9}.Debug|Any CPU.Build.0 = Debug|Any CPU
		{48C9BCFF-3D19-4BA0-ABB0-F32564BA03C9}.Release|Any CPU.ActiveCfg = Release|Any CPU
		{48C9BCFF-3D19-4BA0-ABB0-F32564BA03C9}.Release|Any CPU.Build.0 = Release|Any CPU
	EndGlobalSection
	GlobalSection(SolutionProperties) = preSolution
		HideSolutionNode = FALSE
	EndGlobalSection
	GlobalSection(ExtensibilityGlobals) = postSolution
		SolutionGuid = {439571F3-B56C-46F2-B2A2-764690A1A033}
	EndGlobalSection
EndGlobal
