
Microsoft Visual Studio Solution File, Format Version 12.00
# Visual Studio Version 17
VisualStudioVersion = 17.5.002.0
MinimumVisualStudioVersion = 10.0.40219.1
Project("{9A19103F-16F7-4668-BE54-9A1E7A4F7556}") = "request-timeout-4", "request-timeout-4.csproj", "{82B2E0B5-E009-4F7C-AEDA-AB3DD2A50101}"
EndProject
Global
	GlobalSection(SolutionConfigurationPlatforms) = preSolution
		Debug|Any CPU = Debug|Any CPU
		Release|Any CPU = Release|Any CPU
	EndGlobalSection
	GlobalSection(ProjectConfigurationPlatforms) = postSolution
		{82B2E0B5-E009-4F7C-AEDA-AB3DD2A50101}.Debug|Any CPU.ActiveCfg = Debug|Any CPU
		{82B2E0B5-E009-4F7C-AEDA-AB3DD2A50101}.Debug|Any CPU.Build.0 = Debug|Any CPU
		{82B2E0B5-E009-4F7C-AEDA-AB3DD2A50101}.Release|Any CPU.ActiveCfg = Release|Any CPU
		{82B2E0B5-E009-4F7C-AEDA-AB3DD2A50101}.Release|Any CPU.Build.0 = Release|Any CPU
	EndGlobalSection
	GlobalSection(SolutionProperties) = preSolution
		HideSolutionNode = FALSE
	EndGlobalSection
	GlobalSection(ExtensibilityGlobals) = postSolution
		SolutionGuid = {7FD5CF14-91DD-4569-AD32-DE58589AC66C}
	EndGlobalSection
EndGlobal
