
Microsoft Visual Studio Solution File, Format Version 12.00
# Visual Studio Version 17
VisualStudioVersion = 17.5.002.0
MinimumVisualStudioVersion = 10.0.40219.1
Project("{9A19103F-16F7-4668-BE54-9A1E7A4F7556}") = "ComponentTwentyThree", "ComponentTwentyThree.csproj", "{26B459F9-76ED-44D4-AA0F-65D28D8E7861}"
EndProject
Global
	GlobalSection(SolutionConfigurationPlatforms) = preSolution
		Debug|Any CPU = Debug|Any CPU
		Release|Any CPU = Release|Any CPU
	EndGlobalSection
	GlobalSection(ProjectConfigurationPlatforms) = postSolution
		{26B459F9-76ED-44D4-AA0F-65D28D8E7861}.Debug|Any CPU.ActiveCfg = Debug|Any CPU
		{26B459F9-76ED-44D4-AA0F-65D28D8E7861}.Debug|Any CPU.Build.0 = Debug|Any CPU
		{26B459F9-76ED-44D4-AA0F-65D28D8E7861}.Release|Any CPU.ActiveCfg = Release|Any CPU
		{26B459F9-76ED-44D4-AA0F-65D28D8E7861}.Release|Any CPU.Build.0 = Release|Any CPU
	EndGlobalSection
	GlobalSection(SolutionProperties) = preSolution
		HideSolutionNode = FALSE
	EndGlobalSection
	GlobalSection(ExtensibilityGlobals) = postSolution
		SolutionGuid = {6FC14629-365F-45CC-A524-50A03305E39D}
	EndGlobalSection
EndGlobal
