
Microsoft Visual Studio Solution File, Format Version 12.00
# Visual Studio Version 17
VisualStudioVersion = 17.5.002.0
MinimumVisualStudioVersion = 10.0.40219.1
Project("{9A19103F-16F7-4668-BE54-9A1E7A4F7556}") = "request-timeout-5", "request-timeout-5.csproj", "{79DB68DC-DFD0-4377-8092-51CB6132F18C}"
EndProject
Global
	GlobalSection(SolutionConfigurationPlatforms) = preSolution
		Debug|Any CPU = Debug|Any CPU
		Release|Any CPU = Release|Any CPU
	EndGlobalSection
	GlobalSection(ProjectConfigurationPlatforms) = postSolution
		{79DB68DC-DFD0-4377-8092-51CB6132F18C}.Debug|Any CPU.ActiveCfg = Debug|Any CPU
		{79DB68DC-DFD0-4377-8092-51CB6132F18C}.Debug|Any CPU.Build.0 = Debug|Any CPU
		{79DB68DC-DFD0-4377-8092-51CB6132F18C}.Release|Any CPU.ActiveCfg = Release|Any CPU
		{79DB68DC-DFD0-4377-8092-51CB6132F18C}.Release|Any CPU.Build.0 = Release|Any CPU
	EndGlobalSection
	GlobalSection(SolutionProperties) = preSolution
		HideSolutionNode = FALSE
	EndGlobalSection
	GlobalSection(ExtensibilityGlobals) = postSolution
		SolutionGuid = {6A9E03E9-E1BE-4884-A2D2-AFDF8A2F4AA5}
	EndGlobalSection
EndGlobal
