
Microsoft Visual Studio Solution File, Format Version 12.00
# Visual Studio Version 17
VisualStudioVersion = 17.5.002.0
MinimumVisualStudioVersion = 10.0.40219.1
Project("{9A19103F-16F7-4668-BE54-9A1E7A4F7556}") = "RazorComponentSeven", "RazorComponentSeven.csproj", "{D1666076-3523-4495-8F52-68E845F5FB46}"
EndProject
Global
	GlobalSection(SolutionConfigurationPlatforms) = preSolution
		Debug|Any CPU = Debug|Any CPU
		Release|Any CPU = Release|Any CPU
	EndGlobalSection
	GlobalSection(ProjectConfigurationPlatforms) = postSolution
		{D1666076-3523-4495-8F52-68E845F5FB46}.Debug|Any CPU.ActiveCfg = Debug|Any CPU
		{D1666076-3523-4495-8F52-68E845F5FB46}.Debug|Any CPU.Build.0 = Debug|Any CPU
		{D1666076-3523-4495-8F52-68E845F5FB46}.Release|Any CPU.ActiveCfg = Release|Any CPU
		{D1666076-3523-4495-8F52-68E845F5FB46}.Release|Any CPU.Build.0 = Release|Any CPU
	EndGlobalSection
	GlobalSection(SolutionProperties) = preSolution
		HideSolutionNode = FALSE
	EndGlobalSection
	GlobalSection(ExtensibilityGlobals) = postSolution
		SolutionGuid = {2CDB3AC6-3326-409F-A59F-1248F42D29FA}
	EndGlobalSection
EndGlobal
