
Microsoft Visual Studio Solution File, Format Version 12.00
# Visual Studio Version 17
VisualStudioVersion = 17.5.002.0
MinimumVisualStudioVersion = 10.0.40219.1
Project("{9A19103F-16F7-4668-BE54-9A1E7A4F7556}") = "if-activity", "if-activity.csproj", "{79002360-F50D-4A51-AEF8-8141E854C88D}"
EndProject
Global
	GlobalSection(SolutionConfigurationPlatforms) = preSolution
		Debug|Any CPU = Debug|Any CPU
		Release|Any CPU = Release|Any CPU
	EndGlobalSection
	GlobalSection(ProjectConfigurationPlatforms) = postSolution
		{79002360-F50D-4A51-AEF8-8141E854C88D}.Debug|Any CPU.ActiveCfg = Debug|Any CPU
		{79002360-F50D-4A51-AEF8-8141E854C88D}.Debug|Any CPU.Build.0 = Debug|Any CPU
		{79002360-F50D-4A51-AEF8-8141E854C88D}.Release|Any CPU.ActiveCfg = Release|Any CPU
		{79002360-F50D-4A51-AEF8-8141E854C88D}.Release|Any CPU.Build.0 = Release|Any CPU
	EndGlobalSection
	GlobalSection(SolutionProperties) = preSolution
		HideSolutionNode = FALSE
	EndGlobalSection
	GlobalSection(ExtensibilityGlobals) = postSolution
		SolutionGuid = {E6034C04-C002-498D-A055-E33FC054FA9F}
	EndGlobalSection
EndGlobal
