
Microsoft Visual Studio Solution File, Format Version 12.00
# Visual Studio Version 17
VisualStudioVersion = 17.5.002.0
MinimumVisualStudioVersion = 10.0.40219.1
Project("{9A19103F-16F7-4668-BE54-9A1E7A4F7556}") = "new-routing-12", "new-routing-12.csproj", "{CA42C8C6-20F5-4F11-BD41-64880CDC6164}"
EndProject
Global
	GlobalSection(SolutionConfigurationPlatforms) = preSolution
		Debug|Any CPU = Debug|Any CPU
		Release|Any CPU = Release|Any CPU
	EndGlobalSection
	GlobalSection(ProjectConfigurationPlatforms) = postSolution
		{CA42C8C6-20F5-4F11-BD41-64880CDC6164}.Debug|Any CPU.ActiveCfg = Debug|Any CPU
		{CA42C8C6-20F5-4F11-BD41-64880CDC6164}.Debug|Any CPU.Build.0 = Debug|Any CPU
		{CA42C8C6-20F5-4F11-BD41-64880CDC6164}.Release|Any CPU.ActiveCfg = Release|Any CPU
		{CA42C8C6-20F5-4F11-BD41-64880CDC6164}.Release|Any CPU.Build.0 = Release|Any CPU
	EndGlobalSection
	GlobalSection(SolutionProperties) = preSolution
		HideSolutionNode = FALSE
	EndGlobalSection
	GlobalSection(ExtensibilityGlobals) = postSolution
		SolutionGuid = {F135872C-C9AD-4853-BB6D-E7F97B3E5671}
	EndGlobalSection
EndGlobal
