
Microsoft Visual Studio Solution File, Format Version 12.00
# Visual Studio Version 17
VisualStudioVersion = 17.5.002.0
MinimumVisualStudioVersion = 10.0.40219.1
Project("{9A19103F-16F7-4668-BE54-9A1E7A4F7556}") = "workflow-4", "workflow-4.csproj", "{723CAD56-A2AE-4DE1-B5C9-43F2C40C651A}"
EndProject
Global
	GlobalSection(SolutionConfigurationPlatforms) = preSolution
		Debug|Any CPU = Debug|Any CPU
		Release|Any CPU = Release|Any CPU
	EndGlobalSection
	GlobalSection(ProjectConfigurationPlatforms) = postSolution
		{723CAD56-A2AE-4DE1-B5C9-43F2C40C651A}.Debug|Any CPU.ActiveCfg = Debug|Any CPU
		{723CAD56-A2AE-4DE1-B5C9-43F2C40C651A}.Debug|Any CPU.Build.0 = Debug|Any CPU
		{723CAD56-A2AE-4DE1-B5C9-43F2C40C651A}.Release|Any CPU.ActiveCfg = Release|Any CPU
		{723CAD56-A2AE-4DE1-B5C9-43F2C40C651A}.Release|Any CPU.Build.0 = Release|Any CPU
	EndGlobalSection
	GlobalSection(SolutionProperties) = preSolution
		HideSolutionNode = FALSE
	EndGlobalSection
	GlobalSection(ExtensibilityGlobals) = postSolution
		SolutionGuid = {732F282F-17C5-4AAD-9070-43CFF23A7762}
	EndGlobalSection
EndGlobal
