
Microsoft Visual Studio Solution File, Format Version 12.00
# Visual Studio Version 17
VisualStudioVersion = 17.5.002.0
MinimumVisualStudioVersion = 10.0.40219.1
Project("{9A19103F-16F7-4668-BE54-9A1E7A4F7556}") = "RazorComponentThirteen", "RazorComponentThirteen\RazorComponentThirteen.csproj", "{642702B0-A4D7-4A1A-9D06-C919DCF04E9B}"
EndProject
Project("{9A19103F-16F7-4668-BE54-9A1E7A4F7556}") = "Wasm", "Wasm\Wasm.csproj", "{E8D78F96-53BF-4986-A1E6-9855ED20DAAB}"
EndProject
Global
	GlobalSection(SolutionConfigurationPlatforms) = preSolution
		Debug|Any CPU = Debug|Any CPU
		Release|Any CPU = Release|Any CPU
	EndGlobalSection
	GlobalSection(ProjectConfigurationPlatforms) = postSolution
		{642702B0-A4D7-4A1A-9D06-C919DCF04E9B}.Debug|Any CPU.ActiveCfg = Debug|Any CPU
		{642702B0-A4D7-4A1A-9D06-C919DCF04E9B}.Debug|Any CPU.Build.0 = Debug|Any CPU
		{642702B0-A4D7-4A1A-9D06-C919DCF04E9B}.Release|Any CPU.ActiveCfg = Release|Any CPU
		{642702B0-A4D7-4A1A-9D06-C919DCF04E9B}.Release|Any CPU.Build.0 = Release|Any CPU
		{E8D78F96-53BF-4986-A1E6-9855ED20DAAB}.Debug|Any CPU.ActiveCfg = Debug|Any CPU
		{E8D78F96-53BF-4986-A1E6-9855ED20DAAB}.Debug|Any CPU.Build.0 = Debug|Any CPU
		{E8D78F96-53BF-4986-A1E6-9855ED20DAAB}.Release|Any CPU.ActiveCfg = Release|Any CPU
		{E8D78F96-53BF-4986-A1E6-9855ED20DAAB}.Release|Any CPU.Build.0 = Release|Any CPU
	EndGlobalSection
	GlobalSection(SolutionProperties) = preSolution
		HideSolutionNode = FALSE
	EndGlobalSection
	GlobalSection(ExtensibilityGlobals) = postSolution
		SolutionGuid = {946BC6FF-DD2D-4AD3-B2A5-4BF8E17D5C5F}
	EndGlobalSection
EndGlobal
