
Microsoft Visual Studio Solution File, Format Version 12.00
# Visual Studio Version 16
VisualStudioVersion = 16.0.31320.298
MinimumVisualStudioVersion = 10.0.40219.1
Project("{FAE04EC0-301F-11D3-BF4B-00C04F79EFBC}") = "NewsServer", "NewsServer.csproj", "{93B74AF0-E291-4DFA-B5B5-6A04D60A2770}"
EndProject
Global
	GlobalSection(SolutionConfigurationPlatforms) = preSolution
		Debug|Any CPU = Debug|Any CPU
		Release|Any CPU = Release|Any CPU
	EndGlobalSection
	GlobalSection(ProjectConfigurationPlatforms) = postSolution
		{93B74AF0-E291-4DFA-B5B5-6A04D60A2770}.Debug|Any CPU.ActiveCfg = Debug|Any CPU
		{93B74AF0-E291-4DFA-B5B5-6A04D60A2770}.Debug|Any CPU.Build.0 = Debug|Any CPU
		{93B74AF0-E291-4DFA-B5B5-6A04D60A2770}.Release|Any CPU.ActiveCfg = Release|Any CPU
		{93B74AF0-E291-4DFA-B5B5-6A04D60A2770}.Release|Any CPU.Build.0 = Release|Any CPU
	EndGlobalSection
	GlobalSection(SolutionProperties) = preSolution
		HideSolutionNode = FALSE
	EndGlobalSection
	GlobalSection(ExtensibilityGlobals) = postSolution
		SolutionGuid = {9F78A1E8-AA5C-4101-800E-B80E83265260}
	EndGlobalSection
EndGlobal
