
Microsoft Visual Studio Solution File, Format Version 12.00
# Visual Studio Version 17
VisualStudioVersion = 17.5.002.0
MinimumVisualStudioVersion = 10.0.40219.1
Project("{9A19103F-16F7-4668-BE54-9A1E7A4F7556}") = "RazorFormHandlingFour", "RazorFormHandlingFour.csproj", "{47BC529E-0FEF-477A-ACE2-ED4A8D87D0FB}"
EndProject
Global
	GlobalSection(SolutionConfigurationPlatforms) = preSolution
		Debug|Any CPU = Debug|Any CPU
		Release|Any CPU = Release|Any CPU
	EndGlobalSection
	GlobalSection(ProjectConfigurationPlatforms) = postSolution
		{47BC529E-0FEF-477A-ACE2-ED4A8D87D0FB}.Debug|Any CPU.ActiveCfg = Debug|Any CPU
		{47BC529E-0FEF-477A-ACE2-ED4A8D87D0FB}.Debug|Any CPU.Build.0 = Debug|Any CPU
		{47BC529E-0FEF-477A-ACE2-ED4A8D87D0FB}.Release|Any CPU.ActiveCfg = Release|Any CPU
		{47BC529E-0FEF-477A-ACE2-ED4A8D87D0FB}.Release|Any CPU.Build.0 = Release|Any CPU
	EndGlobalSection
	GlobalSection(SolutionProperties) = preSolution
		HideSolutionNode = FALSE
	EndGlobalSection
	GlobalSection(ExtensibilityGlobals) = postSolution
		SolutionGuid = {923989CE-5243-42DA-BBCD-48E2B5AA16DC}
	EndGlobalSection
EndGlobal
