
Microsoft Visual Studio Solution File, Format Version 12.00
# Visual Studio Version 17
VisualStudioVersion = 17.5.002.0
MinimumVisualStudioVersion = 10.0.40219.1
Project("{9A19103F-16F7-4668-BE54-9A1E7A4F7556}") = "RazorFormHandlingFive", "RazorFormHandlingFive.csproj", "{44C7C69B-4BA0-4D7D-9290-1DC4E8DB97B0}"
EndProject
Global
	GlobalSection(SolutionConfigurationPlatforms) = preSolution
		Debug|Any CPU = Debug|Any CPU
		Release|Any CPU = Release|Any CPU
	EndGlobalSection
	GlobalSection(ProjectConfigurationPlatforms) = postSolution
		{44C7C69B-4BA0-4D7D-9290-1DC4E8DB97B0}.Debug|Any CPU.ActiveCfg = Debug|Any CPU
		{44C7C69B-4BA0-4D7D-9290-1DC4E8DB97B0}.Debug|Any CPU.Build.0 = Debug|Any CPU
		{44C7C69B-4BA0-4D7D-9290-1DC4E8DB97B0}.Release|Any CPU.ActiveCfg = Release|Any CPU
		{44C7C69B-4BA0-4D7D-9290-1DC4E8DB97B0}.Release|Any CPU.Build.0 = Release|Any CPU
	EndGlobalSection
	GlobalSection(SolutionProperties) = preSolution
		HideSolutionNode = FALSE
	EndGlobalSection
	GlobalSection(ExtensibilityGlobals) = postSolution
		SolutionGuid = {FBCD92B0-7E70-4F7C-8F9C-9939E2D2634C}
	EndGlobalSection
EndGlobal
