
Microsoft Visual Studio Solution File, Format Version 12.00
# Visual Studio Version 17
VisualStudioVersion = 17.5.002.0
MinimumVisualStudioVersion = 10.0.40219.1
Project("{9A19103F-16F7-4668-BE54-9A1E7A4F7556}") = "application-environment", "application-environment.csproj", "{2353C50C-6C1A-4F43-9710-334A68035E1E}"
EndProject
Global
	GlobalSection(SolutionConfigurationPlatforms) = preSolution
		Debug|Any CPU = Debug|Any CPU
		Release|Any CPU = Release|Any CPU
	EndGlobalSection
	GlobalSection(ProjectConfigurationPlatforms) = postSolution
		{2353C50C-6C1A-4F43-9710-334A68035E1E}.Debug|Any CPU.ActiveCfg = Debug|Any CPU
		{2353C50C-6C1A-4F43-9710-334A68035E1E}.Debug|Any CPU.Build.0 = Debug|Any CPU
		{2353C50C-6C1A-4F43-9710-334A68035E1E}.Release|Any CPU.ActiveCfg = Release|Any CPU
		{2353C50C-6C1A-4F43-9710-334A68035E1E}.Release|Any CPU.Build.0 = Release|Any CPU
	EndGlobalSection
	GlobalSection(SolutionProperties) = preSolution
		HideSolutionNode = FALSE
	EndGlobalSection
	GlobalSection(ExtensibilityGlobals) = postSolution
		SolutionGuid = {17683AEE-C64B-46BE-8FC8-C17F9180291B}
	EndGlobalSection
EndGlobal
