
Microsoft Visual Studio Solution File, Format Version 12.00
# Visual Studio Version 17
VisualStudioVersion = 17.5.002.0
MinimumVisualStudioVersion = 10.0.40219.1
Project("{9A19103F-16F7-4668-BE54-9A1E7A4F7556}") = "ComponentTwentyFive", "ComponentTwentyFive.csproj", "{D1EBA820-93F2-4469-B764-1C467DBB4D5F}"
EndProject
Global
	GlobalSection(SolutionConfigurationPlatforms) = preSolution
		Debug|Any CPU = Debug|Any CPU
		Release|Any CPU = Release|Any CPU
	EndGlobalSection
	GlobalSection(ProjectConfigurationPlatforms) = postSolution
		{D1EBA820-93F2-4469-B764-1C467DBB4D5F}.Debug|Any CPU.ActiveCfg = Debug|Any CPU
		{D1EBA820-93F2-4469-B764-1C467DBB4D5F}.Debug|Any CPU.Build.0 = Debug|Any CPU
		{D1EBA820-93F2-4469-B764-1C467DBB4D5F}.Release|Any CPU.ActiveCfg = Release|Any CPU
		{D1EBA820-93F2-4469-B764-1C467DBB4D5F}.Release|Any CPU.Build.0 = Release|Any CPU
	EndGlobalSection
	GlobalSection(SolutionProperties) = preSolution
		HideSolutionNode = FALSE
	EndGlobalSection
	GlobalSection(ExtensibilityGlobals) = postSolution
		SolutionGuid = {12A0397E-7025-4790-AA33-47A526539D93}
	EndGlobalSection
EndGlobal
