
Microsoft Visual Studio Solution File, Format Version 12.00
# Visual Studio Version 17
VisualStudioVersion = 17.5.002.0
MinimumVisualStudioVersion = 10.0.40219.1
Project("{9A19103F-16F7-4668-BE54-9A1E7A4F7556}") = "keyed-service-2", "keyed-service-2.csproj", "{998CB752-9F46-470D-A2C6-669C3D23897F}"
EndProject
Global
	GlobalSection(SolutionConfigurationPlatforms) = preSolution
		Debug|Any CPU = Debug|Any CPU
		Release|Any CPU = Release|Any CPU
	EndGlobalSection
	GlobalSection(ProjectConfigurationPlatforms) = postSolution
		{998CB752-9F46-470D-A2C6-669C3D23897F}.Debug|Any CPU.ActiveCfg = Debug|Any CPU
		{998CB752-9F46-470D-A2C6-669C3D23897F}.Debug|Any CPU.Build.0 = Debug|Any CPU
		{998CB752-9F46-470D-A2C6-669C3D23897F}.Release|Any CPU.ActiveCfg = Release|Any CPU
		{998CB752-9F46-470D-A2C6-669C3D23897F}.Release|Any CPU.Build.0 = Release|Any CPU
	EndGlobalSection
	GlobalSection(SolutionProperties) = preSolution
		HideSolutionNode = FALSE
	EndGlobalSection
	GlobalSection(ExtensibilityGlobals) = postSolution
		SolutionGuid = {F6B469E4-30D1-4F0D-896D-139274C08BE2}
	EndGlobalSection
EndGlobal
