
Microsoft Visual Studio Solution File, Format Version 12.00
# Visual Studio Version 17
VisualStudioVersion = 17.5.002.0
MinimumVisualStudioVersion = 10.0.40219.1
Project("{9A19103F-16F7-4668-BE54-9A1E7A4F7556}") = "new-routing-11", "new-routing-11.csproj", "{AA9F3970-577F-4ADB-AC5F-B9E7D441819D}"
EndProject
Global
	GlobalSection(SolutionConfigurationPlatforms) = preSolution
		Debug|Any CPU = Debug|Any CPU
		Release|Any CPU = Release|Any CPU
	EndGlobalSection
	GlobalSection(ProjectConfigurationPlatforms) = postSolution
		{AA9F3970-577F-4ADB-AC5F-B9E7D441819D}.Debug|Any CPU.ActiveCfg = Debug|Any CPU
		{AA9F3970-577F-4ADB-AC5F-B9E7D441819D}.Debug|Any CPU.Build.0 = Debug|Any CPU
		{AA9F3970-577F-4ADB-AC5F-B9E7D441819D}.Release|Any CPU.ActiveCfg = Release|Any CPU
		{AA9F3970-577F-4ADB-AC5F-B9E7D441819D}.Release|Any CPU.Build.0 = Release|Any CPU
	EndGlobalSection
	GlobalSection(SolutionProperties) = preSolution
		HideSolutionNode = FALSE
	EndGlobalSection
	GlobalSection(ExtensibilityGlobals) = postSolution
		SolutionGuid = {790B1FCA-227F-4E9A-8A06-C9E7696B0885}
	EndGlobalSection
EndGlobal
