
Microsoft Visual Studio Solution File, Format Version 12.00
# Visual Studio Version 17
VisualStudioVersion = 17.5.002.0
MinimumVisualStudioVersion = 10.0.40219.1
Project("{9A19103F-16F7-4668-BE54-9A1E7A4F7556}") = "orleans-3", "orleans-3.csproj", "{A56EC8A6-F3D6-41A1-8CC8-B20CE28C0224}"
EndProject
Global
	GlobalSection(SolutionConfigurationPlatforms) = preSolution
		Debug|Any CPU = Debug|Any CPU
		Release|Any CPU = Release|Any CPU
	EndGlobalSection
	GlobalSection(ProjectConfigurationPlatforms) = postSolution
		{A56EC8A6-F3D6-41A1-8CC8-B20CE28C0224}.Debug|Any CPU.ActiveCfg = Debug|Any CPU
		{A56EC8A6-F3D6-41A1-8CC8-B20CE28C0224}.Debug|Any CPU.Build.0 = Debug|Any CPU
		{A56EC8A6-F3D6-41A1-8CC8-B20CE28C0224}.Release|Any CPU.ActiveCfg = Release|Any CPU
		{A56EC8A6-F3D6-41A1-8CC8-B20CE28C0224}.Release|Any CPU.Build.0 = Release|Any CPU
	EndGlobalSection
	GlobalSection(SolutionProperties) = preSolution
		HideSolutionNode = FALSE
	EndGlobalSection
	GlobalSection(ExtensibilityGlobals) = postSolution
		SolutionGuid = {1BF268AA-95B8-4259-A610-128576996097}
	EndGlobalSection
EndGlobal
