{
  "name": "signalr-client",
  "version": "1.0.0",
  "lockfileVersion": 1,
  "requires": true,
  "dependencies": {
    "@aspnet/signalr": {
      "version": "1.0.0-preview2-final",
      "resolved": "https://registry.npmjs.org/@aspnet/signalr/-/signalr-1.0.0-preview2-final.tgz",
      "integrity": "sha512-XbqGbAG9Ow4L5Sc4n81A2S8lHSlxBNTjFm3WZQA94cIolPnW0bPK2u14UMooXRXxzjBtJViJMN/aoxWRwTWxig=="
    }
  }
}
