
Microsoft Visual Studio Solution File, Format Version 12.00
# Visual Studio Version 17
VisualStudioVersion = 17.5.002.0
MinimumVisualStudioVersion = 10.0.40219.1
Project("{9A19103F-16F7-4668-BE54-9A1E7A4F7556}") = "setname-activity", "setname-activity.csproj", "{1028085A-93D9-4EAD-91A2-44571C72F079}"
EndProject
Global
	GlobalSection(SolutionConfigurationPlatforms) = preSolution
		Debug|Any CPU = Debug|Any CPU
		Release|Any CPU = Release|Any CPU
	EndGlobalSection
	GlobalSection(ProjectConfigurationPlatforms) = postSolution
		{1028085A-93D9-4EAD-91A2-44571C72F079}.Debug|Any CPU.ActiveCfg = Debug|Any CPU
		{1028085A-93D9-4EAD-91A2-44571C72F079}.Debug|Any CPU.Build.0 = Debug|Any CPU
		{1028085A-93D9-4EAD-91A2-44571C72F079}.Release|Any CPU.ActiveCfg = Release|Any CPU
		{1028085A-93D9-4EAD-91A2-44571C72F079}.Release|Any CPU.Build.0 = Release|Any CPU
	EndGlobalSection
	GlobalSection(SolutionProperties) = preSolution
		HideSolutionNode = FALSE
	EndGlobalSection
	GlobalSection(ExtensibilityGlobals) = postSolution
		SolutionGuid = {E2677B8A-65FF-4FB9-9CB1-A8ABDD9DCB87}
	EndGlobalSection
EndGlobal
