Microsoft Visual Studio Solution File, Format Version 12.00
# Visual Studio 15
VisualStudioVersion = 15.0.27130.2027
MinimumVisualStudioVersion = 15.0.26124.0
Project("{9A19103F-16F7-4668-BE54-9A1E7A4F7556}") = "blazor.Server", "blazor.Server\blazor.Server.csproj", "{BDB4464B-14F1-4A01-ADC3-D5F8C037D80E}"
EndProject
Project("{9A19103F-16F7-4668-BE54-9A1E7A4F7556}") = "blazor.Client", "blazor.Client\blazor.Client.csproj", "{F11259B2-5D91-4EDC-9AD0-3BDC898E1769}"
EndProject
Project("{9A19103F-16F7-4668-BE54-9A1E7A4F7556}") = "blazor.Shared", "blazor.Shared\blazor.Shared.csproj", "{AA181654-CCCC-455D-A01A-1C2D4FF7E45B}"
EndProject
Global
	GlobalSection(SolutionConfigurationPlatforms) = preSolution
		Debug|Any CPU = Debug|Any CPU
		Debug|x64 = Debug|x64
		Debug|x86 = Debug|x86
		Release|Any CPU = Release|Any CPU
		Release|x64 = Release|x64
		Release|x86 = Release|x86
	EndGlobalSection
	GlobalSection(ProjectConfigurationPlatforms) = postSolution
		{F11259B2-5D91-4EDC-9AD0-3BDC898E1769}.Debug|Any CPU.ActiveCfg = Debug|Any CPU
		{F11259B2-5D91-4EDC-9AD0-3BDC898E1769}.Debug|Any CPU.Build.0 = Debug|Any CPU
		{F11259B2-5D91-4EDC-9AD0-3BDC898E1769}.Debug|x64.ActiveCfg = Debug|Any CPU
		{F11259B2-5D91-4EDC-9AD0-3BDC898E1769}.Debug|x64.Build.0 = Debug|Any CPU
		{F11259B2-5D91-4EDC-9AD0-3BDC898E1769}.Debug|x86.ActiveCfg = Debug|Any CPU
		{F11259B2-5D91-4EDC-9AD0-3BDC898E1769}.Debug|x86.Build.0 = Debug|Any CPU
		{F11259B2-5D91-4EDC-9AD0-3BDC898E1769}.Release|Any CPU.ActiveCfg = Release|Any CPU
		{F11259B2-5D91-4EDC-9AD0-3BDC898E1769}.Release|Any CPU.Build.0 = Release|Any CPU
		{F11259B2-5D91-4EDC-9AD0-3BDC898E1769}.Release|x64.ActiveCfg = Release|Any CPU
		{F11259B2-5D91-4EDC-9AD0-3BDC898E1769}.Release|x64.Build.0 = Release|Any CPU
		{F11259B2-5D91-4EDC-9AD0-3BDC898E1769}.Release|x86.ActiveCfg = Release|Any CPU
		{F11259B2-5D91-4EDC-9AD0-3BDC898E1769}.Release|x86.Build.0 = Release|Any CPU
		{BDB4464B-14F1-4A01-ADC3-D5F8C037D80E}.Debug|Any CPU.ActiveCfg = Debug|Any CPU
		{BDB4464B-14F1-4A01-ADC3-D5F8C037D80E}.Debug|Any CPU.Build.0 = Debug|Any CPU
		{BDB4464B-14F1-4A01-ADC3-D5F8C037D80E}.Debug|x64.ActiveCfg = Debug|Any CPU
		{BDB4464B-14F1-4A01-ADC3-D5F8C037D80E}.Debug|x64.Build.0 = Debug|Any CPU
		{BDB4464B-14F1-4A01-ADC3-D5F8C037D80E}.Debug|x86.ActiveCfg = Debug|Any CPU
		{BDB4464B-14F1-4A01-ADC3-D5F8C037D80E}.Debug|x86.Build.0 = Debug|Any CPU
		{BDB4464B-14F1-4A01-ADC3-D5F8C037D80E}.Release|Any CPU.ActiveCfg = Release|Any CPU
		{BDB4464B-14F1-4A01-ADC3-D5F8C037D80E}.Release|Any CPU.Build.0 = Release|Any CPU
		{BDB4464B-14F1-4A01-ADC3-D5F8C037D80E}.Release|x64.ActiveCfg = Release|Any CPU
		{BDB4464B-14F1-4A01-ADC3-D5F8C037D80E}.Release|x64.Build.0 = Release|Any CPU
		{BDB4464B-14F1-4A01-ADC3-D5F8C037D80E}.Release|x86.ActiveCfg = Release|Any CPU
		{BDB4464B-14F1-4A01-ADC3-D5F8C037D80E}.Release|x86.Build.0 = Release|Any CPU
		{AA181654-CCCC-455D-A01A-1C2D4FF7E45B}.Debug|Any CPU.ActiveCfg = Debug|Any CPU
		{AA181654-CCCC-455D-A01A-1C2D4FF7E45B}.Debug|Any CPU.Build.0 = Debug|Any CPU
		{AA181654-CCCC-455D-A01A-1C2D4FF7E45B}.Debug|x64.ActiveCfg = Debug|Any CPU
		{AA181654-CCCC-455D-A01A-1C2D4FF7E45B}.Debug|x64.Build.0 = Debug|Any CPU
		{AA181654-CCCC-455D-A01A-1C2D4FF7E45B}.Debug|x86.ActiveCfg = Debug|Any CPU
		{AA181654-CCCC-455D-A01A-1C2D4FF7E45B}.Debug|x86.Build.0 = Debug|Any CPU
		{AA181654-CCCC-455D-A01A-1C2D4FF7E45B}.Release|Any CPU.ActiveCfg = Release|Any CPU
		{AA181654-CCCC-455D-A01A-1C2D4FF7E45B}.Release|Any CPU.Build.0 = Release|Any CPU
		{AA181654-CCCC-455D-A01A-1C2D4FF7E45B}.Release|x64.ActiveCfg = Release|Any CPU
		{AA181654-CCCC-455D-A01A-1C2D4FF7E45B}.Release|x64.Build.0 = Release|Any CPU
		{AA181654-CCCC-455D-A01A-1C2D4FF7E45B}.Release|x86.ActiveCfg = Release|Any CPU
		{AA181654-CCCC-455D-A01A-1C2D4FF7E45B}.Release|x86.Build.0 = Release|Any CPU
	EndGlobalSection
	GlobalSection(SolutionProperties) = preSolution
		HideSolutionNode = FALSE
	EndGlobalSection
	GlobalSection(ExtensibilityGlobals) = postSolution
		SolutionGuid = {5E7E855E-29CD-47AA-9751-EB7A2E55E2F2}
	EndGlobalSection
EndGlobal
