
Microsoft Visual Studio Solution File, Format Version 12.00
# Visual Studio Version 17
VisualStudioVersion = 17.5.002.0
MinimumVisualStudioVersion = 10.0.40219.1
Project("{9A19103F-16F7-4668-BE54-9A1E7A4F7556}") = "foreach-activity", "foreach-activity.csproj", "{9ED18A15-FE53-441E-AE96-8F0CCDB89881}"
EndProject
Global
	GlobalSection(SolutionConfigurationPlatforms) = preSolution
		Debug|Any CPU = Debug|Any CPU
		Release|Any CPU = Release|Any CPU
	EndGlobalSection
	GlobalSection(ProjectConfigurationPlatforms) = postSolution
		{9ED18A15-FE53-441E-AE96-8F0CCDB89881}.Debug|Any CPU.ActiveCfg = Debug|Any CPU
		{9ED18A15-FE53-441E-AE96-8F0CCDB89881}.Debug|Any CPU.Build.0 = Debug|Any CPU
		{9ED18A15-FE53-441E-AE96-8F0CCDB89881}.Release|Any CPU.ActiveCfg = Release|Any CPU
		{9ED18A15-FE53-441E-AE96-8F0CCDB89881}.Release|Any CPU.Build.0 = Release|Any CPU
	EndGlobalSection
	GlobalSection(SolutionProperties) = preSolution
		HideSolutionNode = FALSE
	EndGlobalSection
	GlobalSection(ExtensibilityGlobals) = postSolution
		SolutionGuid = {3E633A85-02E5-4554-B406-43B08E0B7088}
	EndGlobalSection
EndGlobal
