
Microsoft Visual Studio Solution File, Format Version 12.00
# Visual Studio Version 17
VisualStudioVersion = 17.5.002.0
MinimumVisualStudioVersion = 10.0.40219.1
Project("{9A19103F-16F7-4668-BE54-9A1E7A4F7556}") = "device-detection", "device-detection.csproj", "{BCDDC43B-6734-48D6-856A-DC8D744EFC98}"
EndProject
Global
	GlobalSection(SolutionConfigurationPlatforms) = preSolution
		Debug|Any CPU = Debug|Any CPU
		Release|Any CPU = Release|Any CPU
	EndGlobalSection
	GlobalSection(ProjectConfigurationPlatforms) = postSolution
		{BCDDC43B-6734-48D6-856A-DC8D744EFC98}.Debug|Any CPU.ActiveCfg = Debug|Any CPU
		{BCDDC43B-6734-48D6-856A-DC8D744EFC98}.Debug|Any CPU.Build.0 = Debug|Any CPU
		{BCDDC43B-6734-48D6-856A-DC8D744EFC98}.Release|Any CPU.ActiveCfg = Release|Any CPU
		{BCDDC43B-6734-48D6-856A-DC8D744EFC98}.Release|Any CPU.Build.0 = Release|Any CPU
	EndGlobalSection
	GlobalSection(SolutionProperties) = preSolution
		HideSolutionNode = FALSE
	EndGlobalSection
	GlobalSection(ExtensibilityGlobals) = postSolution
		SolutionGuid = {7A72F4D1-1EBB-4C53-98DD-B5676BAC6F5F}
	EndGlobalSection
EndGlobal
