
Microsoft Visual Studio Solution File, Format Version 12.00
# Visual Studio Version 17
VisualStudioVersion = 17.5.002.0
MinimumVisualStudioVersion = 10.0.40219.1
Project("{9A19103F-16F7-4668-BE54-9A1E7A4F7556}") = "for-activity", "for-activity.csproj", "{395A446F-7329-4B18-A76E-B85D013C7A93}"
EndProject
Global
	GlobalSection(SolutionConfigurationPlatforms) = preSolution
		Debug|Any CPU = Debug|Any CPU
		Release|Any CPU = Release|Any CPU
	EndGlobalSection
	GlobalSection(ProjectConfigurationPlatforms) = postSolution
		{395A446F-7329-4B18-A76E-B85D013C7A93}.Debug|Any CPU.ActiveCfg = Debug|Any CPU
		{395A446F-7329-4B18-A76E-B85D013C7A93}.Debug|Any CPU.Build.0 = Debug|Any CPU
		{395A446F-7329-4B18-A76E-B85D013C7A93}.Release|Any CPU.ActiveCfg = Release|Any CPU
		{395A446F-7329-4B18-A76E-B85D013C7A93}.Release|Any CPU.Build.0 = Release|Any CPU
	EndGlobalSection
	GlobalSection(SolutionProperties) = preSolution
		HideSolutionNode = FALSE
	EndGlobalSection
	GlobalSection(ExtensibilityGlobals) = postSolution
		SolutionGuid = {4068C2BE-FEE8-4425-B0B2-466760C02F01}
	EndGlobalSection
EndGlobal
