
Microsoft Visual Studio Solution File, Format Version 12.00
# Visual Studio Version 17
VisualStudioVersion = 17.5.002.0
MinimumVisualStudioVersion = 10.0.40219.1
Project("{9A19103F-16F7-4668-BE54-9A1E7A4F7556}") = "request-timeout-3", "request-timeout-3.csproj", "{3A11F546-ED08-406A-937F-7F936C3576C4}"
EndProject
Global
	GlobalSection(SolutionConfigurationPlatforms) = preSolution
		Debug|Any CPU = Debug|Any CPU
		Release|Any CPU = Release|Any CPU
	EndGlobalSection
	GlobalSection(ProjectConfigurationPlatforms) = postSolution
		{3A11F546-ED08-406A-937F-7F936C3576C4}.Debug|Any CPU.ActiveCfg = Debug|Any CPU
		{3A11F546-ED08-406A-937F-7F936C3576C4}.Debug|Any CPU.Build.0 = Debug|Any CPU
		{3A11F546-ED08-406A-937F-7F936C3576C4}.Release|Any CPU.ActiveCfg = Release|Any CPU
		{3A11F546-ED08-406A-937F-7F936C3576C4}.Release|Any CPU.Build.0 = Release|Any CPU
	EndGlobalSection
	GlobalSection(SolutionProperties) = preSolution
		HideSolutionNode = FALSE
	EndGlobalSection
	GlobalSection(ExtensibilityGlobals) = postSolution
		SolutionGuid = {B450A42C-0D5C-470F-9C2D-63D98D0102CD}
	EndGlobalSection
EndGlobal
