
Microsoft Visual Studio Solution File, Format Version 12.00
# Visual Studio Version 16
VisualStudioVersion = 16.0.31702.278
MinimumVisualStudioVersion = 10.0.40219.1
Project("{FAE04EC0-301F-11D3-BF4B-00C04F79EFBC}") = "extension-methods", "extension-methods.csproj", "{D236A19F-1357-4ADB-A563-E2BA43536648}"
EndProject
Global
	GlobalSection(SolutionConfigurationPlatforms) = preSolution
		Debug|Any CPU = Debug|Any CPU
		Release|Any CPU = Release|Any CPU
	EndGlobalSection
	GlobalSection(ProjectConfigurationPlatforms) = postSolution
		{D236A19F-1357-4ADB-A563-E2BA43536648}.Debug|Any CPU.ActiveCfg = Debug|Any CPU
		{D236A19F-1357-4ADB-A563-E2BA43536648}.Debug|Any CPU.Build.0 = Debug|Any CPU
		{D236A19F-1357-4ADB-A563-E2BA43536648}.Release|Any CPU.ActiveCfg = Release|Any CPU
		{D236A19F-1357-4ADB-A563-E2BA43536648}.Release|Any CPU.Build.0 = Release|Any CPU
	EndGlobalSection
	GlobalSection(SolutionProperties) = preSolution
		HideSolutionNode = FALSE
	EndGlobalSection
	GlobalSection(ExtensibilityGlobals) = postSolution
		SolutionGuid = {A27ACA7A-DC51-4AA1-843B-7702443B40B7}
	EndGlobalSection
EndGlobal
