
Microsoft Visual Studio Solution File, Format Version 12.00
# Visual Studio Version 17
VisualStudioVersion = 17.5.002.0
MinimumVisualStudioVersion = 10.0.40219.1
Project("{9A19103F-16F7-4668-BE54-9A1E7A4F7556}") = "RazorComponentTwelve", "RazorComponentTwelve.csproj", "{637DBFE0-E61B-47FB-9B50-8F872517F51B}"
EndProject
Global
	GlobalSection(SolutionConfigurationPlatforms) = preSolution
		Debug|Any CPU = Debug|Any CPU
		Release|Any CPU = Release|Any CPU
	EndGlobalSection
	GlobalSection(ProjectConfigurationPlatforms) = postSolution
		{637DBFE0-E61B-47FB-9B50-8F872517F51B}.Debug|Any CPU.ActiveCfg = Debug|Any CPU
		{637DBFE0-E61B-47FB-9B50-8F872517F51B}.Debug|Any CPU.Build.0 = Debug|Any CPU
		{637DBFE0-E61B-47FB-9B50-8F872517F51B}.Release|Any CPU.ActiveCfg = Release|Any CPU
		{637DBFE0-E61B-47FB-9B50-8F872517F51B}.Release|Any CPU.Build.0 = Release|Any CPU
	EndGlobalSection
	GlobalSection(SolutionProperties) = preSolution
		HideSolutionNode = FALSE
	EndGlobalSection
	GlobalSection(ExtensibilityGlobals) = postSolution
		SolutionGuid = {8CD56AB3-3C87-451F-9D64-BE14D1F98316}
	EndGlobalSection
EndGlobal
