
Microsoft Visual Studio Solution File, Format Version 12.00
# Visual Studio Version 17
VisualStudioVersion = 17.5.002.0
MinimumVisualStudioVersion = 10.0.40219.1
Project("{9A19103F-16F7-4668-BE54-9A1E7A4F7556}") = "keyed-service", "keyed-service.csproj", "{1A4EF9A9-14AE-464D-8431-B35DA014E9D7}"
EndProject
Global
	GlobalSection(SolutionConfigurationPlatforms) = preSolution
		Debug|Any CPU = Debug|Any CPU
		Release|Any CPU = Release|Any CPU
	EndGlobalSection
	GlobalSection(ProjectConfigurationPlatforms) = postSolution
		{1A4EF9A9-14AE-464D-8431-B35DA014E9D7}.Debug|Any CPU.ActiveCfg = Debug|Any CPU
		{1A4EF9A9-14AE-464D-8431-B35DA014E9D7}.Debug|Any CPU.Build.0 = Debug|Any CPU
		{1A4EF9A9-14AE-464D-8431-B35DA014E9D7}.Release|Any CPU.ActiveCfg = Release|Any CPU
		{1A4EF9A9-14AE-464D-8431-B35DA014E9D7}.Release|Any CPU.Build.0 = Release|Any CPU
	EndGlobalSection
	GlobalSection(SolutionProperties) = preSolution
		HideSolutionNode = FALSE
	EndGlobalSection
	GlobalSection(ExtensibilityGlobals) = postSolution
		SolutionGuid = {2D48A138-5215-428D-8CF4-56F21D0D4194}
	EndGlobalSection
EndGlobal
