
Microsoft Visual Studio Solution File, Format Version 12.00
# Visual Studio Version 17
VisualStudioVersion = 17.5.002.0
MinimumVisualStudioVersion = 10.0.40219.1
Project("{9A19103F-16F7-4668-BE54-9A1E7A4F7556}") = "RazorComponentTwo", "RazorComponentTwo.csproj", "{1E1C5F75-57DE-400C-90B7-8576D0120CEE}"
EndProject
Global
	GlobalSection(SolutionConfigurationPlatforms) = preSolution
		Debug|Any CPU = Debug|Any CPU
		Release|Any CPU = Release|Any CPU
	EndGlobalSection
	GlobalSection(ProjectConfigurationPlatforms) = postSolution
		{1E1C5F75-57DE-400C-90B7-8576D0120CEE}.Debug|Any CPU.ActiveCfg = Debug|Any CPU
		{1E1C5F75-57DE-400C-90B7-8576D0120CEE}.Debug|Any CPU.Build.0 = Debug|Any CPU
		{1E1C5F75-57DE-400C-90B7-8576D0120CEE}.Release|Any CPU.ActiveCfg = Release|Any CPU
		{1E1C5F75-57DE-400C-90B7-8576D0120CEE}.Release|Any CPU.Build.0 = Release|Any CPU
	EndGlobalSection
	GlobalSection(SolutionProperties) = preSolution
		HideSolutionNode = FALSE
	EndGlobalSection
	GlobalSection(ExtensibilityGlobals) = postSolution
		SolutionGuid = {4E7A887C-D466-4286-B3C4-C269C6B12806}
	EndGlobalSection
EndGlobal
