
Microsoft Visual Studio Solution File, Format Version 12.00
# Visual Studio Version 17
VisualStudioVersion = 17.5.001.0
MinimumVisualStudioVersion = 10.0.40219.1
Project("{9A19103F-16F7-4668-BE54-9A1E7A4F7556}") = "RazorFormHandling", "RazorFormHandling.csproj", "{BBB00C6A-D6CC-4819-89D1-6974ACDA89CE}"
EndProject
Global
	GlobalSection(SolutionConfigurationPlatforms) = preSolution
		Debug|Any CPU = Debug|Any CPU
		Release|Any CPU = Release|Any CPU
	EndGlobalSection
	GlobalSection(ProjectConfigurationPlatforms) = postSolution
		{BBB00C6A-D6CC-4819-89D1-6974ACDA89CE}.Debug|Any CPU.ActiveCfg = Debug|Any CPU
		{BBB00C6A-D6CC-4819-89D1-6974ACDA89CE}.Debug|Any CPU.Build.0 = Debug|Any CPU
		{BBB00C6A-D6CC-4819-89D1-6974ACDA89CE}.Release|Any CPU.ActiveCfg = Release|Any CPU
		{BBB00C6A-D6CC-4819-89D1-6974ACDA89CE}.Release|Any CPU.Build.0 = Release|Any CPU
	EndGlobalSection
	GlobalSection(SolutionProperties) = preSolution
		HideSolutionNode = FALSE
	EndGlobalSection
	GlobalSection(ExtensibilityGlobals) = postSolution
		SolutionGuid = {1C0C5ECD-F789-4204-9F05-5E542879179B}
	EndGlobalSection
EndGlobal
