
Microsoft Visual Studio Solution File, Format Version 12.00
# Visual Studio Version 16
VisualStudioVersion = 16.6.30114.105
MinimumVisualStudioVersion = 10.0.40219.1
Project("{9A19103F-16F7-4668-BE54-9A1E7A4F7556}") = "Yarp.Demo.Proxy", "Yarp.Demo.Proxy\Yarp.Demo.Proxy.csproj", "{F1900980-EC0F-4BB5-B20D-9515953173E0}"
EndProject
Project("{9A19103F-16F7-4668-BE54-9A1E7A4F7556}") = "Yarp.Demo.FrontEnd", "Yarp.Demo.FrontEnd\Yarp.Demo.FrontEnd.csproj", "{32F44A39-DDBD-4B85-AE63-6EBD4E4FD711}"
EndProject
Project("{FAE04EC0-301F-11D3-BF4B-00C04F79EFBC}") = "Yarp.Demo.BackEnd", "Yarp.Demo.BackEnd\Yarp.Demo.BackEnd.csproj", "{92A1D7C1-CC99-4DF7-B2DA-72383105BD98}"
EndProject
Global
	GlobalSection(SolutionConfigurationPlatforms) = preSolution
		Debug|Any CPU = Debug|Any CPU
		Debug|x64 = Debug|x64
		Debug|x86 = Debug|x86
		Release|Any CPU = Release|Any CPU
		Release|x64 = Release|x64
		Release|x86 = Release|x86
	EndGlobalSection
	GlobalSection(ProjectConfigurationPlatforms) = postSolution
		{F1900980-EC0F-4BB5-B20D-9515953173E0}.Debug|Any CPU.ActiveCfg = Debug|Any CPU
		{F1900980-EC0F-4BB5-B20D-9515953173E0}.Debug|Any CPU.Build.0 = Debug|Any CPU
		{F1900980-EC0F-4BB5-B20D-9515953173E0}.Debug|x64.ActiveCfg = Debug|Any CPU
		{F1900980-EC0F-4BB5-B20D-9515953173E0}.Debug|x64.Build.0 = Debug|Any CPU
		{F1900980-EC0F-4BB5-B20D-9515953173E0}.Debug|x86.ActiveCfg = Debug|Any CPU
		{F1900980-EC0F-4BB5-B20D-9515953173E0}.Debug|x86.Build.0 = Debug|Any CPU
		{F1900980-EC0F-4BB5-B20D-9515953173E0}.Release|Any CPU.ActiveCfg = Release|Any CPU
		{F1900980-EC0F-4BB5-B20D-9515953173E0}.Release|Any CPU.Build.0 = Release|Any CPU
		{F1900980-EC0F-4BB5-B20D-9515953173E0}.Release|x64.ActiveCfg = Release|Any CPU
		{F1900980-EC0F-4BB5-B20D-9515953173E0}.Release|x64.Build.0 = Release|Any CPU
		{F1900980-EC0F-4BB5-B20D-9515953173E0}.Release|x86.ActiveCfg = Release|Any CPU
		{F1900980-EC0F-4BB5-B20D-9515953173E0}.Release|x86.Build.0 = Release|Any CPU
		{32F44A39-DDBD-4B85-AE63-6EBD4E4FD711}.Debug|Any CPU.ActiveCfg = Debug|Any CPU
		{32F44A39-DDBD-4B85-AE63-6EBD4E4FD711}.Debug|Any CPU.Build.0 = Debug|Any CPU
		{32F44A39-DDBD-4B85-AE63-6EBD4E4FD711}.Debug|x64.ActiveCfg = Debug|Any CPU
		{32F44A39-DDBD-4B85-AE63-6EBD4E4FD711}.Debug|x64.Build.0 = Debug|Any CPU
		{32F44A39-DDBD-4B85-AE63-6EBD4E4FD711}.Debug|x86.ActiveCfg = Debug|Any CPU
		{32F44A39-DDBD-4B85-AE63-6EBD4E4FD711}.Debug|x86.Build.0 = Debug|Any CPU
		{32F44A39-DDBD-4B85-AE63-6EBD4E4FD711}.Release|Any CPU.ActiveCfg = Release|Any CPU
		{32F44A39-DDBD-4B85-AE63-6EBD4E4FD711}.Release|Any CPU.Build.0 = Release|Any CPU
		{32F44A39-DDBD-4B85-AE63-6EBD4E4FD711}.Release|x64.ActiveCfg = Release|Any CPU
		{32F44A39-DDBD-4B85-AE63-6EBD4E4FD711}.Release|x64.Build.0 = Release|Any CPU
		{32F44A39-DDBD-4B85-AE63-6EBD4E4FD711}.Release|x86.ActiveCfg = Release|Any CPU
		{32F44A39-DDBD-4B85-AE63-6EBD4E4FD711}.Release|x86.Build.0 = Release|Any CPU
		{92A1D7C1-CC99-4DF7-B2DA-72383105BD98}.Debug|Any CPU.ActiveCfg = Debug|Any CPU
		{92A1D7C1-CC99-4DF7-B2DA-72383105BD98}.Debug|Any CPU.Build.0 = Debug|Any CPU
		{92A1D7C1-CC99-4DF7-B2DA-72383105BD98}.Debug|x64.ActiveCfg = Debug|Any CPU
		{92A1D7C1-CC99-4DF7-B2DA-72383105BD98}.Debug|x64.Build.0 = Debug|Any CPU
		{92A1D7C1-CC99-4DF7-B2DA-72383105BD98}.Debug|x86.ActiveCfg = Debug|Any CPU
		{92A1D7C1-CC99-4DF7-B2DA-72383105BD98}.Debug|x86.Build.0 = Debug|Any CPU
		{92A1D7C1-CC99-4DF7-B2DA-72383105BD98}.Release|Any CPU.ActiveCfg = Release|Any CPU
		{92A1D7C1-CC99-4DF7-B2DA-72383105BD98}.Release|Any CPU.Build.0 = Release|Any CPU
		{92A1D7C1-CC99-4DF7-B2DA-72383105BD98}.Release|x64.ActiveCfg = Release|Any CPU
		{92A1D7C1-CC99-4DF7-B2DA-72383105BD98}.Release|x64.Build.0 = Release|Any CPU
		{92A1D7C1-CC99-4DF7-B2DA-72383105BD98}.Release|x86.ActiveCfg = Release|Any CPU
		{92A1D7C1-CC99-4DF7-B2DA-72383105BD98}.Release|x86.Build.0 = Release|Any CPU
	EndGlobalSection
	GlobalSection(SolutionProperties) = preSolution
		HideSolutionNode = FALSE
	EndGlobalSection
	GlobalSection(ExtensibilityGlobals) = postSolution
		SolutionGuid = {76FE095C-9F02-43EC-BA93-DA1511FAB7CD}
	EndGlobalSection
EndGlobal
