
Microsoft Visual Studio Solution File, Format Version 12.00
# Visual Studio Version 17
VisualStudioVersion = 17.5.002.0
MinimumVisualStudioVersion = 10.0.40219.1
Project("{9A19103F-16F7-4668-BE54-9A1E7A4F7556}") = "composite-activity", "composite-activity.csproj", "{87938C62-2C03-49C9-B20B-B2D249A2F4E3}"
EndProject
Global
	GlobalSection(SolutionConfigurationPlatforms) = preSolution
		Debug|Any CPU = Debug|Any CPU
		Release|Any CPU = Release|Any CPU
	EndGlobalSection
	GlobalSection(ProjectConfigurationPlatforms) = postSolution
		{87938C62-2C03-49C9-B20B-B2D249A2F4E3}.Debug|Any CPU.ActiveCfg = Debug|Any CPU
		{87938C62-2C03-49C9-B20B-B2D249A2F4E3}.Debug|Any CPU.Build.0 = Debug|Any CPU
		{87938C62-2C03-49C9-B20B-B2D249A2F4E3}.Release|Any CPU.ActiveCfg = Release|Any CPU
		{87938C62-2C03-49C9-B20B-B2D249A2F4E3}.Release|Any CPU.Build.0 = Release|Any CPU
	EndGlobalSection
	GlobalSection(SolutionProperties) = preSolution
		HideSolutionNode = FALSE
	EndGlobalSection
	GlobalSection(ExtensibilityGlobals) = postSolution
		SolutionGuid = {A4DD1435-B4CF-4661-B065-9AF8006DE99B}
	EndGlobalSection
EndGlobal
