
Microsoft Visual Studio Solution File, Format Version 12.00
# Visual Studio Version 16
VisualStudioVersion = 16.0.28621.142
MinimumVisualStudioVersion = 10.0.40219.1
Project("{FAE04EC0-301F-11D3-BF4B-00C04F79EFBC}") = "WebWithTypeScript", "WebWithTypeScript\WebWithTypeScript.csproj", "{4A56E919-7A4E-42A8-B853-1A279640915B}"
EndProject
Global
	GlobalSection(SolutionConfigurationPlatforms) = preSolution
		Debug|Any CPU = Debug|Any CPU
		Release|Any CPU = Release|Any CPU
	EndGlobalSection
	GlobalSection(ProjectConfigurationPlatforms) = postSolution
		{4A56E919-7A4E-42A8-B853-1A279640915B}.Debug|Any CPU.ActiveCfg = Debug|Any CPU
		{4A56E919-7A4E-42A8-B853-1A279640915B}.Debug|Any CPU.Build.0 = Debug|Any CPU
		{4A56E919-7A4E-42A8-B853-1A279640915B}.Release|Any CPU.ActiveCfg = Release|Any CPU
		{4A56E919-7A4E-42A8-B853-1A279640915B}.Release|Any CPU.Build.0 = Release|Any CPU
	EndGlobalSection
	GlobalSection(SolutionProperties) = preSolution
		HideSolutionNode = FALSE
	EndGlobalSection
	GlobalSection(ExtensibilityGlobals) = postSolution
		SolutionGuid = {74B98BD3-CACD-4192-A52B-FE0251CF0215}
	EndGlobalSection
EndGlobal
