
Microsoft Visual Studio Solution File, Format Version 12.00
# Visual Studio Version 17
VisualStudioVersion = 17.5.002.0
MinimumVisualStudioVersion = 10.0.40219.1
Project("{9A19103F-16F7-4668-BE54-9A1E7A4F7556}") = "RazorComponentSix", "RazorComponentSix.csproj", "{1BAD400E-44D5-4A18-ABBF-184C7CBDD5F2}"
EndProject
Global
	GlobalSection(SolutionConfigurationPlatforms) = preSolution
		Debug|Any CPU = Debug|Any CPU
		Release|Any CPU = Release|Any CPU
	EndGlobalSection
	GlobalSection(ProjectConfigurationPlatforms) = postSolution
		{1BAD400E-44D5-4A18-ABBF-184C7CBDD5F2}.Debug|Any CPU.ActiveCfg = Debug|Any CPU
		{1BAD400E-44D5-4A18-ABBF-184C7CBDD5F2}.Debug|Any CPU.Build.0 = Debug|Any CPU
		{1BAD400E-44D5-4A18-ABBF-184C7CBDD5F2}.Release|Any CPU.ActiveCfg = Release|Any CPU
		{1BAD400E-44D5-4A18-ABBF-184C7CBDD5F2}.Release|Any CPU.Build.0 = Release|Any CPU
	EndGlobalSection
	GlobalSection(SolutionProperties) = preSolution
		HideSolutionNode = FALSE
	EndGlobalSection
	GlobalSection(ExtensibilityGlobals) = postSolution
		SolutionGuid = {FC51A321-0FED-48FF-8DD3-280020A780F4}
	EndGlobalSection
EndGlobal
